// !$*UTF8*$!
{
	archiveVersion = 1;
	classes = {
	};
	objectVersion = 46;
	objects = {

/* Begin PBXBuildFile section */
		7259C46C1380D9AF002F7507 /* Foundation.framework in Frameworks */ = {isa = PBXBuildFile; fileRef = 7259C46B1380D9AF002F7507 /* Foundation.framework */; };
		7259C4761380D9F9002F7507 /* DispatchLogic.h in Headers */ = {isa = PBXBuildFile; fileRef = 7259C4751380D9F9002F7507 /* DispatchLogic.h */; };
		7259C47C1380DD49002F7507 /* NSObject+DispatchLogic.h in Headers */ = {isa = PBXBuildFile; fileRef = 7259C47A1380DD49002F7507 /* NSObject+DispatchLogic.h */; };
		7259C47D1380DD49002F7507 /* NSObject+DispatchLogic.m in Sources */ = {isa = PBXBuildFile; fileRef = 7259C47B1380DD49002F7507 /* NSObject+DispatchLogic.m */; };
/* End PBXBuildFile section */

/* Begin PBXFileReference section */
		7259C4681380D9AF002F7507 /* libDispatchLogic.a */ = {isa = PBXFileReference; explicitFileType = archive.ar; includeInIndex = 0; path = libDispatchLogic.a; sourceTree = BUILT_PRODUCTS_DIR; };
		7259C46B1380D9AF002F7507 /* Foundation.framework */ = {isa = PBXFileReference; lastKnownFileType = wrapper.framework; name = Foundation.framework; path = System/Library/Frameworks/Foundation.framework; sourceTree = SDKROOT; };
		7259C46F1380D9AF002F7507 /* DispatchLogic-Prefix.pch */ = {isa = PBXFileReference; lastKnownFileType = sourcecode.c.h; path = "DispatchLogic-Prefix.pch"; sourceTree = "<group>"; };
		7259C4751380D9F9002F7507 /* DispatchLogic.h */ = {isa = PBXFileReference; fileEncoding = 4; lastKnownFileType = sourcecode.c.h; path = DispatchLogic.h; sourceTree = "<group>"; };
		7259C47A1380DD49002F7507 /* NSObject+DispatchLogic.h */ = {isa = PBXFileReference; fileEncoding = 4; lastKnownFileType = sourcecode.c.h; path = "NSObject+DispatchLogic.h"; sourceTree = "<group>"; };
		7259C47B1380DD49002F7507 /* NSObject+DispatchLogic.m */ = {isa = PBXFileReference; fileEncoding = 4; lastKnownFileType = sourcecode.c.objc; path = "NSObject+DispatchLogic.m"; sourceTree = "<group>"; };
/* End PBXFileReference section */

/* Begin PBXFrameworksBuildPhase section */
		7259C4651380D9AF002F7507 /* Frameworks */ = {
			isa = PBXFrameworksBuildPhase;
			buildActionMask = 2147483647;
			files = (
				7259C46C1380D9AF002F7507 /* Foundation.framework in Frameworks */,
			);
			runOnlyForDeploymentPostprocessing = 0;
		};
/* End PBXFrameworksBuildPhase section */

/* Begin PBXGroup section */
		7259C45D1380D9AF002F7507 = {
			isa = PBXGroup;
			children = (
				7259C46D1380D9AF002F7507 /* DispatchLogic */,
				7259C46A1380D9AF002F7507 /* Frameworks */,
				7259C4691380D9AF002F7507 /* Products */,
			);
			sourceTree = "<group>";
		};
		7259C4691380D9AF002F7507 /* Products */ = {
			isa = PBXGroup;
			children = (
				7259C4681380D9AF002F7507 /* libDispatchLogic.a */,
			);
			name = Products;
			sourceTree = "<group>";
		};
		7259C46A1380D9AF002F7507 /* Frameworks */ = {
			isa = PBXGroup;
			children = (
				7259C46B1380D9AF002F7507 /* Foundation.framework */,
			);
			name = Frameworks;
			sourceTree = "<group>";
		};
		7259C46D1380D9AF002F7507 /* DispatchLogic */ = {
			isa = PBXGroup;
			children = (
				7259C4751380D9F9002F7507 /* DispatchLogic.h */,
				7259C47A1380DD49002F7507 /* NSObject+DispatchLogic.h */,
				7259C47B1380DD49002F7507 /* NSObject+DispatchLogic.m */,
				7259C46E1380D9AF002F7507 /* Supporting Files */,
			);
			path = DispatchLogic;
			sourceTree = "<group>";
		};
		7259C46E1380D9AF002F7507 /* Supporting Files */ = {
			isa = PBXGroup;
			children = (
				7259C46F1380D9AF002F7507 /* DispatchLogic-Prefix.pch */,
			);
			name = "Supporting Files";
			sourceTree = "<group>";
		};
/* End PBXGroup section */

/* Begin PBXHeadersBuildPhase section */
		7259C4661380D9AF002F7507 /* Headers */ = {
			isa = PBXHeadersBuildPhase;
			buildActionMask = 2147483647;
			files = (
				7259C4761380D9F9002F7507 /* DispatchLogic.h in Headers */,
				7259C47C1380DD49002F7507 /* NSObject+DispatchLogic.h in Headers */,
			);
			runOnlyForDeploymentPostprocessing = 0;
		};
/* End PBXHeadersBuildPhase section */

/* Begin PBXNativeTarget section */
		7259C4671380D9AF002F7507 /* DispatchLogic */ = {
			isa = PBXNativeTarget;
			buildConfigurationList = 7259C4721380D9AF002F7507 /* Build configuration list for PBXNativeTarget "DispatchLogic" */;
			buildPhases = (
				7259C4641380D9AF002F7507 /* Sources */,
				7259C4651380D9AF002F7507 /* Frameworks */,
				7259C4661380D9AF002F7507 /* Headers */,
			);
			buildRules = (
			);
			dependencies = (
			);
			name = DispatchLogic;
			productName = DispatchLogic;
			productReference = 7259C4681380D9AF002F7507 /* libDispatchLogic.a */;
			productType = "com.apple.product-type.library.static";
		};
/* End PBXNativeTarget section */

/* Begin PBXProject section */
		7259C45F1380D9AF002F7507 /* Project object */ = {
			isa = PBXProject;
			attributes = {
				ORGANIZATIONNAME = Plokodelika;
			};
			buildConfigurationList = 7259C4621380D9AF002F7507 /* Build configuration list for PBXProject "DispatchLogic" */;
			compatibilityVersion = "Xcode 3.2";
			developmentRegion = English;
			hasScannedForEncodings = 0;
			knownRegions = (
				en,
			);
			mainGroup = 7259C45D1380D9AF002F7507;
			productRefGroup = 7259C4691380D9AF002F7507 /* Products */;
			projectDirPath = "";
			projectRoot = "";
			targets = (
				7259C4671380D9AF002F7507 /* DispatchLogic */,
			);
		};
/* End PBXProject section */

/* Begin PBXSourcesBuildPhase section */
		7259C4641380D9AF002F7507 /* Sources */ = {
			isa = PBXSourcesBuildPhase;
			buildActionMask = 2147483647;
			files = (
				7259C47D1380DD49002F7507 /* NSObject+DispatchLogic.m in Sources */,
			);
			runOnlyForDeploymentPostprocessing = 0;
		};
/* End PBXSourcesBuildPhase section */

/* Begin XCBuildConfiguration section */
		7259C4701380D9AF002F7507 /* Debug */ = {
			isa = XCBuildConfiguration;
			buildSettings = {
				ARCHS = "$(ARCHS_STANDARD_32_BIT)";
				GCC_C_LANGUAGE_STANDARD = gnu99;
				GCC_OPTIMIZATION_LEVEL = 0;
				GCC_PREPROCESSOR_DEFINITIONS = DEBUG;
				GCC_SYMBOLS_PRIVATE_EXTERN = NO;
				GCC_VERSION = com.apple.compilers.llvmgcc42;
				GCC_WARN_ABOUT_RETURN_TYPE = YES;
				GCC_WARN_UNUSED_VARIABLE = YES;
				IPHONEOS_DEPLOYMENT_TARGET = 4.3;
				SDKROOT = iphoneos;
			};
			name = Debug;
		};
		7259C4711380D9AF002F7507 /* Release */ = {
			isa = XCBuildConfiguration;
			buildSettings = {
				ARCHS = "$(ARCHS_STANDARD_32_BIT)";
				GCC_C_LANGUAGE_STANDARD = gnu99;
				GCC_VERSION = com.apple.compilers.llvmgcc42;
				GCC_WARN_ABOUT_RETURN_TYPE = YES;
				GCC_WARN_UNUSED_VARIABLE = YES;
				IPHONEOS_DEPLOYMENT_TARGET = 4.3;
				SDKROOT = iphoneos;
			};
			name = Release;
		};
		7259C4731380D9AF002F7507 /* Debug */ = {
			isa = XCBuildConfiguration;
			buildSettings = {
				ALWAYS_SEARCH_USER_PATHS = NO;
				DSTROOT = /tmp/DispatchLogic.dst;
				GCC_PRECOMPILE_PREFIX_HEADER = YES;
				GCC_PREFIX_HEADER = "DispatchLogic/DispatchLogic-Prefix.pch";
				OTHER_LDFLAGS = "-ObjC";
				PRIVATE_HEADERS_FOLDER_PATH = include/DispatchLogic/Private;
				PRODUCT_NAME = "$(TARGET_NAME)";
				PUBLIC_HEADERS_FOLDER_PATH = include/DispatchLogic;
			};
			name = Debug;
		};
		7259C4741380D9AF002F7507 /* Release */ = {
			isa = XCBuildConfiguration;
			buildSettings = {
				ALWAYS_SEARCH_USER_PATHS = NO;
				DSTROOT = /tmp/DispatchLogic.dst;
				GCC_PRECOMPILE_PREFIX_HEADER = YES;
				GCC_PREFIX_HEADER = "DispatchLogic/DispatchLogic-Prefix.pch";
				OTHER_LDFLAGS = "-ObjC";
				PRIVATE_HEADERS_FOLDER_PATH = include/DispatchLogic/Private;
				PRODUCT_NAME = "$(TARGET_NAME)";
				PUBLIC_HEADERS_FOLDER_PATH = include/DispatchLogic;
			};
			name = Release;
		};
/* End XCBuildConfiguration section */

/* Begin XCConfigurationList section */
		7259C4621380D9AF002F7507 /* Build configuration list for PBXProject "DispatchLogic" */ = {
			isa = XCConfigurationList;
			buildConfigurations = (
				7259C4701380D9AF002F7507 /* Debug */,
				7259C4711380D9AF002F7507 /* Release */,
			);
			defaultConfigurationIsVisible = 0;
			defaultConfigurationName = Release;
		};
		7259C4721380D9AF002F7507 /* Build configuration list for PBXNativeTarget "DispatchLogic" */ = {
			isa = XCConfigurationList;
			buildConfigurations = (
				7259C4731380D9AF002F7507 /* Debug */,
				7259C4741380D9AF002F7507 /* Release */,
			);
			defaultConfigurationIsVisible = 0;
			defaultConfigurationName = Release;
		};
/* End XCConfigurationList section */
	};
	rootObject = 7259C45F1380D9AF002F7507 /* Project object */;
}
